
Microsoft Visual Studio Solution File, Format Version 12.00
# Visual Studio Version 17
VisualStudioVersion = 17.11.35219.272
MinimumVisualStudioVersion = 10.0.40219.1
Project("{FAE04EC0-301F-11D3-BF4B-00C04F79EFBC}") = "Dalfacade", "Dalfacade\Dalfacade.csproj", "{9D0F5559-B82D-4888-980E-DF0C55B733C5}"
EndProject
Project("{FAE04EC0-301F-11D3-BF4B-00C04F79EFBC}") = "DalList", "DalList\DalList.csproj", "{A3F17431-B0B0-4D44-B2AA-35F6F40E8BE5}"
EndProject
Project("{FAE04EC0-301F-11D3-BF4B-00C04F79EFBC}") = "DalTest", "DalTest\DalTest.csproj", "{E0631E7D-8670-422D-80BA-53082ABA3A0C}"
EndProject
Global
	GlobalSection(SolutionConfigurationPlatforms) = preSolution
		Debug|Any CPU = Debug|Any CPU
		Release|Any CPU = Release|Any CPU
	EndGlobalSection
	GlobalSection(ProjectConfigurationPlatforms) = postSolution
		{9D0F5559-B82D-4888-980E-DF0C55B733C5}.Debug|Any CPU.ActiveCfg = Debug|Any CPU
		{9D0F5559-B82D-4888-980E-DF0C55B733C5}.Debug|Any CPU.Build.0 = Debug|Any CPU
		{9D0F5559-B82D-4888-980E-DF0C55B733C5}.Release|Any CPU.ActiveCfg = Release|Any CPU
		{9D0F5559-B82D-4888-980E-DF0C55B733C5}.Release|Any CPU.Build.0 = Release|Any CPU
		{A3F17431-B0B0-4D44-B2AA-35F6F40E8BE5}.Debug|Any CPU.ActiveCfg = Debug|Any CPU
		{A3F17431-B0B0-4D44-B2AA-35F6F40E8BE5}.Debug|Any CPU.Build.0 = Debug|Any CPU
		{A3F17431-B0B0-4D44-B2AA-35F6F40E8BE5}.Release|Any CPU.ActiveCfg = Release|Any CPU
		{A3F17431-B0B0-4D44-B2AA-35F6F40E8BE5}.Release|Any CPU.Build.0 = Release|Any CPU
		{E0631E7D-8670-422D-80BA-53082ABA3A0C}.Debug|Any CPU.ActiveCfg = Debug|Any CPU
		{E0631E7D-8670-422D-80BA-53082ABA3A0C}.Debug|Any CPU.Build.0 = Debug|Any CPU
		{E0631E7D-8670-422D-80BA-53082ABA3A0C}.Release|Any CPU.ActiveCfg = Release|Any CPU
		{E0631E7D-8670-422D-80BA-53082ABA3A0C}.Release|Any CPU.Build.0 = Release|Any CPU
	EndGlobalSection
	GlobalSection(SolutionProperties) = preSolution
		HideSolutionNode = FALSE
	EndGlobalSection
	GlobalSection(ExtensibilityGlobals) = postSolution
		SolutionGuid = {DF38669D-F29A-4FAD-ACF8-E5CD55AB43D2}
	EndGlobalSection
EndGlobal
